
Microsoft Visual Studio Solution File, Format Version 12.00
# Visual Studio Version 17
VisualStudioVersion = 17.13.35931.197 d17.13
MinimumVisualStudioVersion = 10.0.40219.1
Project("{FAE04EC0-301F-11D3-BF4B-00C04F79EFBC}") = "Thang", "Thang\Thang.csproj", "{AEF1B1A5-8667-49E0-B717-77DC2D96ECF4}"
EndProject
Global
	GlobalSection(SolutionConfigurationPlatforms) = preSolution
		Debug|Any CPU = Debug|Any CPU
		Release|Any CPU = Release|Any CPU
	EndGlobalSection
	GlobalSection(ProjectConfigurationPlatforms) = postSolution
		{AEF1B1A5-8667-49E0-B717-77DC2D96ECF4}.Debug|Any CPU.ActiveCfg = Debug|Any CPU
		{AEF1B1A5-8667-49E0-B717-77DC2D96ECF4}.Debug|Any CPU.Build.0 = Debug|Any CPU
		{AEF1B1A5-8667-49E0-B717-77DC2D96ECF4}.Release|Any CPU.ActiveCfg = Release|Any CPU
		{AEF1B1A5-8667-49E0-B717-77DC2D96ECF4}.Release|Any CPU.Build.0 = Release|Any CPU
	EndGlobalSection
	GlobalSection(SolutionProperties) = preSolution
		HideSolutionNode = FALSE
	EndGlobalSection
	GlobalSection(ExtensibilityGlobals) = postSolution
		SolutionGuid = {D6A08BD6-06EB-4F96-B7ED-0571270BFCFB}
	EndGlobalSection
EndGlobal
